github.com/echocat/slf4g v1.5.0 h1:KFd+9tyHY1n+SCQ1gVgc571rqdVdNHa2Zg1+/o05n3c=
github.com/echocat/slf4g v1.5.0/go.mod h1:h3PyXsLZEun57/b4pISjYvsbrCDHIyuBcJNQw+e65jk=
github.com/echocat/slf4g-logr v1.5.0 h1:39OY3y/GSlvhfxlWOZMteY+ZDnsWlourUu08EpX/sLE=
github.com/echocat/slf4g-logr v1.5.0/go.mod h1:1DgeHYZegLBBueaByK7SkJIl1+NlEYaF8EqDfk4lYQw=
github.com/go-logr/logr v1.2.0/go.mod h1:jdQByPbusPIv2/zmleS9BjJVeZ6kBagPoEUsqbVz/1A=
github.com/go-logr/logr v1.2.4 h1:g01GSCwiDw2xSZfjJ2/T9M+S6pFdcNtFYsp+Y43HYDQ=
github.com/go-logr/logr v1.2.4/go.mod h1:jdQByPbusPIv2/zmleS9BjJVeZ6kBagPoEUsqbVz/1A=
k8s.io/klog/v2 v2.100.1 h1:7WCHKK6K8fNhTqfBhISHQ97KrnJNFZMcQvKp7gP/tmg=
k8s.io/klog/v2 v2.100.1/go.mod h1:y1WjHnz7Dj687irZUWR/WLkLc5N1YHtjLdmgWjndZn0=
