github.com/echocat/slf4g v1.5.2/go.mod h1:YvF/d1TcPvT+/xiHStLHPI4xPT1GGeEmPczn2MSljNA=
github.com/echocat/slf4g v1.5.3 h1:DdQGyHwdv3+hxRWJh+ZAikUDMVt4TWQg//kcsYJ1SLk=
github.com/echocat/slf4g v1.5.3/go.mod h1:YvF/d1TcPvT+/xiHStLHPI4xPT1GGeEmPczn2MSljNA=
github.com/echocat/slf4g-logr v1.5.2 h1:Ufeyeg3FNTLXlDdfEKHCiw2TF1CmVeIDkbMUwnqqOWQ=
github.com/echocat/slf4g-logr v1.5.2/go.mod h1:nk6kJyOATGbauhz9e+4KZLUL2PEP163U3MPsO+jxCNo=
github.com/go-logr/logr v1.2.4/go.mod h1:jdQByPbusPIv2/zmleS9BjJVeZ6kBagPoEUsqbVz/1A=
github.com/go-logr/logr v1.4.1 h1:pKouT5E8xu9zeFC39JXRDukb6JFQPXM5p5I91188VAQ=
github.com/go-logr/logr v1.4.1/go.mod h1:9T104GzyrTigFIr8wt5mBrctHMim0Nb2HLGrmQ40KvY=
k8s.io/klog/v2 v2.120.1 h1:QXU6cPEOIslTGvZaXvFWiP9VKyeet3sawzTOvdXb4Vw=
k8s.io/klog/v2 v2.120.1/go.mod h1:3Jpz1GvMt720eyJH1ckRHK1EDfpxISzJ7I9OYgaDtPE=
