github.com/echocat/slf4g v0.4.0 h1:h0yZCE5H0AMfnrJMJasfwqVZvx5Gg7ZkNycbv1C14U4=
github.com/echocat/slf4g v0.4.0/go.mod h1:R4ge09pgerMnd/bJQeKVFm4igVYgJW6CqfUOzT/CA10=
github.com/echocat/slf4g-logr v0.4.0 h1:1JfXqNxSUtllRmU6MG7xaZ89N6XOYkKdADJT6izMC9g=
github.com/echocat/slf4g-logr v0.4.0/go.mod h1:QTq0d3RG0xlqDLed9gzAu+L0/6muz227vUajwSqVSUQ=
github.com/go-logr/logr v0.2.0 h1:QvGt2nLcHH0WK9orKa+ppBPAxREcH364nPUedEpK0TY=
github.com/go-logr/logr v0.2.0/go.mod h1:z6/tIYblkpsD+a4lm/fGIIU9mZ+XfAiaFtq7xTgseGU=
github.com/go-logr/logr v0.2.1 h1:fV3MLmabKIZ383XifUjFSwcoGee0v9qgPp8wy5svibE=
github.com/go-logr/logr v0.2.1/go.mod h1:z6/tIYblkpsD+a4lm/fGIIU9mZ+XfAiaFtq7xTgseGU=
k8s.io/klog/v2 v2.3.0 h1:WmkrnW7fdrm0/DMClc+HIxtftvxVIPAhlVwMQo5yLco=
k8s.io/klog/v2 v2.3.0/go.mod h1:Od+F08eJP+W3HUb4pSrPpgp9DGU4GzlpG/TmITuYh/Y=
